
Microsoft Visual Studio Solution File, Format Version 12.00
# Visual Studio Version 17
VisualStudioVersion = 17.2.32616.157
MinimumVisualStudioVersion = 10.0.40219.1
Project("{9A19103F-16F7-4668-BE54-9A1E7A4F7556}") = "ConsoleApp1", "ConsoleApp1\ConsoleApp1.csproj", "{45E5E345-2DEC-44EB-BEF1-DC17683725C7}"
EndProject
Project("{FAE04EC0-301F-11D3-BF4B-00C04F79EFBC}") = "ConsoleApp2", "ConsoleApp2\ConsoleApp2.csproj", "{7B6565F4-A39A-430C-911A-E77C90844E62}"
EndProject
Global
	GlobalSection(SolutionConfigurationPlatforms) = preSolution
		Debug|Any CPU = Debug|Any CPU
		Release|Any CPU = Release|Any CPU
	EndGlobalSection
	GlobalSection(ProjectConfigurationPlatforms) = postSolution
		{45E5E345-2DEC-44EB-BEF1-DC17683725C7}.Debug|Any CPU.ActiveCfg = Debug|Any CPU
		{45E5E345-2DEC-44EB-BEF1-DC17683725C7}.Debug|Any CPU.Build.0 = Debug|Any CPU
		{45E5E345-2DEC-44EB-BEF1-DC17683725C7}.Release|Any CPU.ActiveCfg = Release|Any CPU
		{45E5E345-2DEC-44EB-BEF1-DC17683725C7}.Release|Any CPU.Build.0 = Release|Any CPU
		{7B6565F4-A39A-430C-911A-E77C90844E62}.Debug|Any CPU.ActiveCfg = Debug|Any CPU
		{7B6565F4-A39A-430C-911A-E77C90844E62}.Debug|Any CPU.Build.0 = Debug|Any CPU
		{7B6565F4-A39A-430C-911A-E77C90844E62}.Release|Any CPU.ActiveCfg = Release|Any CPU
		{7B6565F4-A39A-430C-911A-E77C90844E62}.Release|Any CPU.Build.0 = Release|Any CPU
	EndGlobalSection
	GlobalSection(SolutionProperties) = preSolution
		HideSolutionNode = FALSE
	EndGlobalSection
	GlobalSection(ExtensibilityGlobals) = postSolution
		SolutionGuid = {5EF09A4D-9BE0-4F5A-8418-BA7BE3B987CB}
	EndGlobalSection
EndGlobal
